PODS:
  - Flutter (1.0.0)
  - onyx_plugin (0.0.1):
    - Flutter
    - OpenCV (= 3.4.5)
    - TensorFlowLiteObjC
  - OpenCV (3.4.5)
  - TensorFlowLiteC (2.5.0):
    - TensorFlowLiteC/Core (= 2.5.0)
  - TensorFlowLiteC/Core (2.5.0)
  - TensorFlowLiteObjC (2.5.0):
    - TensorFlowLiteObjC/Core (= 2.5.0)
  - TensorFlowLiteObjC/Core (2.5.0):
    - TensorFlowLiteC (= 2.5.0)

DEPENDENCIES:
  - Flutter (from `Flutter`)
  - onyx_plugin (from `.symlinks/plugins/onyx_plugin/ios`)

SPEC REPOS:
  trunk:
    - OpenCV
    - TensorFlowLiteC
    - TensorFlowLiteObjC

EXTERNAL SOURCES:
  Flutter:
    :path: Flutter
  onyx_plugin:
    :path: ".symlinks/plugins/onyx_plugin/ios"

SPEC CHECKSUMS:
  Flutter: 434fef37c0980e73bb6479ef766c45957d4b510c
  onyx_plugin: 62da6eb869fb13561872af81ca6c44a26edc332a
  OpenCV: 4171c39bdb17e65abda91fc8195d44cb347750f7
  TensorFlowLiteC: 9115580176f050caa70fea478dba3d5a75c612a4
  TensorFlowLiteObjC: ca140779f6aa191a28af169a11297feca4040c46

PODFILE CHECKSUM: 8d982fbf4e5f6939f73f777d339eb8351a397fcd

COCOAPODS: 1.10.1
